// !$*UTF8*$!
{
	archiveVersion = 1;
	classes = {
	};
	objectVersion = 48;
	objects = {

/* Begin PBXBuildFile section */
		0678F2BC4318A6E362DAB1E4 /* libPods-BZCategoryDemo.a in Frameworks */ = {isa = PBXBuildFile; fileRef = 8741159290E71414B9A20B73 /* libPods-BZCategoryDemo.a */; };
		898EEC0F20AD865300C670C4 /* NSArray+BZAddSafe.m in Sources */ = {isa = PBXBuildFile; fileRef = 898EEC0620AD865300C670C4 /* NSArray+BZAddSafe.m */; };
		898EEC1020AD865300C670C4 /* NSDictionary+BZAddSafe.m in Sources */ = {isa = PBXBuildFile; fileRef = 898EEC0820AD865300C670C4 /* NSDictionary+BZAddSafe.m */; };
		898EEC1120AD865300C670C4 /* NSMutableArray+BZAddSafe.m in Sources */ = {isa = PBXBuildFile; fileRef = 898EEC0A20AD865300C670C4 /* NSMutableArray+BZAddSafe.m */; };
		898EEC1220AD865300C670C4 /* NSMutableDictionary+BZAddSafe.m in Sources */ = {isa = PBXBuildFile; fileRef = 898EEC0C20AD865300C670C4 /* NSMutableDictionary+BZAddSafe.m */; };
		898EEC1320AD865300C670C4 /* NSObject+BZAddImpChange.m in Sources */ = {isa = PBXBuildFile; fileRef = 898EEC0E20AD865300C670C4 /* NSObject+BZAddImpChange.m */; };
		89AB530720AC04290011E967 /* AppDelegate.m in Sources */ = {isa = PBXBuildFile; fileRef = 89AB530620AC04290011E967 /* AppDelegate.m */; };
		89AB530A20AC04290011E967 /* ViewController.m in Sources */ = {isa = PBXBuildFile; fileRef = 89AB530920AC04290011E967 /* ViewController.m */; };
		89AB530D20AC04290011E967 /* Main.storyboard in Resources */ = {isa = PBXBuildFile; fileRef = 89AB530B20AC04290011E967 /* Main.storyboard */; };
		89AB530F20AC04290011E967 /* Assets.xcassets in Resources */ = {isa = PBXBuildFile; fileRef = 89AB530E20AC04290011E967 /* Assets.xcassets */; };
		89AB531220AC04290011E967 /* LaunchScreen.storyboard in Resources */ = {isa = PBXBuildFile; fileRef = 89AB531020AC04290011E967 /* LaunchScreen.storyboard */; };
		89AB531520AC04290011E967 /* main.m in Sources */ = {isa = PBXBuildFile; fileRef = 89AB531420AC04290011E967 /* main.m */; };
		89AB531F20AC04290011E967 /* BZCategoryDemoTests.m in Sources */ = {isa = PBXBuildFile; fileRef = 89AB531E20AC04290011E967 /* BZCategoryDemoTests.m */; };
		89AB532A20AC04290011E967 /* BZCategoryDemoUITests.m in Sources */ = {isa = PBXBuildFile; fileRef = 89AB532920AC04290011E967 /* BZCategoryDemoUITests.m */; };
		89AB534420AC04470011E967 /* NSArray+BZUnicodeReadable.m in Sources */ = {isa = PBXBuildFile; fileRef = 89AB533920AC04470011E967 /* NSArray+BZUnicodeReadable.m */; };
		89AB534520AC04470011E967 /* NSDictionary+BZUnicodeReadable.m in Sources */ = {isa = PBXBuildFile; fileRef = 89AB533B20AC04470011E967 /* NSDictionary+BZUnicodeReadable.m */; };
		89AB534620AC04470011E967 /* NSSet+BZUnicodeReadable.m in Sources */ = {isa = PBXBuildFile; fileRef = 89AB533D20AC04470011E967 /* NSSet+BZUnicodeReadable.m */; };
		89AB534720AC04470011E967 /* NSUserDefaults+BZAdd.m in Sources */ = {isa = PBXBuildFile; fileRef = 89AB533F20AC04470011E967 /* NSUserDefaults+BZAdd.m */; };
		89AB534820AC04470011E967 /* BZModel.m in Sources */ = {isa = PBXBuildFile; fileRef = 89AB534320AC04470011E967 /* BZModel.m */; };
/* End PBXBuildFile section */

/* Begin PBXContainerItemProxy section */
		89AB531B20AC04290011E967 /* PBXContainerItemProxy */ = {
			isa = PBXContainerItemProxy;
			containerPortal = 89AB52FA20AC04290011E967 /* Project object */;
			proxyType = 1;
			remoteGlobalIDString = 89AB530120AC04290011E967;
			remoteInfo = BZCategoryDemo;
		};
		89AB532620AC04290011E967 /* PBXContainerItemProxy */ = {
			isa = PBXContainerItemProxy;
			containerPortal = 89AB52FA20AC04290011E967 /* Project object */;
			proxyType = 1;
			remoteGlobalIDString = 89AB530120AC04290011E967;
			remoteInfo = BZCategoryDemo;
		};
/* End PBXContainerItemProxy section */

/* Begin PBXFileReference section */
		41C08C34B47BFC1852B8656B /* Pods-BZCategoryDemo.release.xcconfig */ = {isa = PBXFileReference; includeInIndex = 1; lastKnownFileType = text.xcconfig; name = "Pods-BZCategoryDemo.release.xcconfig"; path = "Pods/Target Support Files/Pods-BZCategoryDemo/Pods-BZCategoryDemo.release.xcconfig"; sourceTree = "<group>"; };
		8741159290E71414B9A20B73 /* libPods-BZCategoryDemo.a */ = {isa = PBXFileReference; explicitFileType = archive.ar; includeInIndex = 0; path = "libPods-BZCategoryDemo.a"; sourceTree = BUILT_PRODUCTS_DIR; };
		898EEC0520AD865300C670C4 /* NSArray+BZAddSafe.h */ = {isa = PBXFileReference; fileEncoding = 4; lastKnownFileType = sourcecode.c.h; path = "NSArray+BZAddSafe.h"; sourceTree = "<group>"; };
		898EEC0620AD865300C670C4 /* NSArray+BZAddSafe.m */ = {isa = PBXFileReference; fileEncoding = 4; lastKnownFileType = sourcecode.c.objc; path = "NSArray+BZAddSafe.m"; sourceTree = "<group>"; };
		898EEC0720AD865300C670C4 /* NSDictionary+BZAddSafe.h */ = {isa = PBXFileReference; fileEncoding = 4; lastKnownFileType = sourcecode.c.h; path = "NSDictionary+BZAddSafe.h"; sourceTree = "<group>"; };
		898EEC0820AD865300C670C4 /* NSDictionary+BZAddSafe.m */ = {isa = PBXFileReference; fileEncoding = 4; lastKnownFileType = sourcecode.c.objc; path = "NSDictionary+BZAddSafe.m"; sourceTree = "<group>"; };
		898EEC0920AD865300C670C4 /* NSMutableArray+BZAddSafe.h */ = {isa = PBXFileReference; fileEncoding = 4; lastKnownFileType = sourcecode.c.h; path = "NSMutableArray+BZAddSafe.h"; sourceTree = "<group>"; };
		898EEC0A20AD865300C670C4 /* NSMutableArray+BZAddSafe.m */ = {isa = PBXFileReference; fileEncoding = 4; lastKnownFileType = sourcecode.c.objc; path = "NSMutableArray+BZAddSafe.m"; sourceTree = "<group>"; };
		898EEC0B20AD865300C670C4 /* NSMutableDictionary+BZAddSafe.h */ = {isa = PBXFileReference; fileEncoding = 4; lastKnownFileType = sourcecode.c.h; path = "NSMutableDictionary+BZAddSafe.h"; sourceTree = "<group>"; };
		898EEC0C20AD865300C670C4 /* NSMutableDictionary+BZAddSafe.m */ = {isa = PBXFileReference; fileEncoding = 4; lastKnownFileType = sourcecode.c.objc; path = "NSMutableDictionary+BZAddSafe.m"; sourceTree = "<group>"; };
		898EEC0D20AD865300C670C4 /* NSObject+BZAddImpChange.h */ = {isa = PBXFileReference; fileEncoding = 4; lastKnownFileType = sourcecode.c.h; path = "NSObject+BZAddImpChange.h"; sourceTree = "<group>"; };
		898EEC0E20AD865300C670C4 /* NSObject+BZAddImpChange.m */ = {isa = PBXFileReference; fileEncoding = 4; lastKnownFileType = sourcecode.c.objc; path = "NSObject+BZAddImpChange.m"; sourceTree = "<group>"; };
		89AB530220AC04290011E967 /* BZCategoryDemo.app */ = {isa = PBXFileReference; explicitFileType = wrapper.application; includeInIndex = 0; path = BZCategoryDemo.app; sourceTree = BUILT_PRODUCTS_DIR; };
		89AB530520AC04290011E967 /* AppDelegate.h */ = {isa = PBXFileReference; lastKnownFileType = sourcecode.c.h; path = AppDelegate.h; sourceTree = "<group>"; };
		89AB530620AC04290011E967 /* AppDelegate.m */ = {isa = PBXFileReference; lastKnownFileType = sourcecode.c.objc; path = AppDelegate.m; sourceTree = "<group>"; };
		89AB530820AC04290011E967 /* ViewController.h */ = {isa = PBXFileReference; lastKnownFileType = sourcecode.c.h; path = ViewController.h; sourceTree = "<group>"; };
		89AB530920AC04290011E967 /* ViewController.m */ = {isa = PBXFileReference; lastKnownFileType = sourcecode.c.objc; path = ViewController.m; sourceTree = "<group>"; };
		89AB530C20AC04290011E967 /* Base */ = {isa = PBXFileReference; lastKnownFileType = file.storyboard; name = Base; path = Base.lproj/Main.storyboard; sourceTree = "<group>"; };
		89AB530E20AC04290011E967 /* Assets.xcassets */ = {isa = PBXFileReference; lastKnownFileType = folder.assetcatalog; path = Assets.xcassets; sourceTree = "<group>"; };
		89AB531120AC04290011E967 /* Base */ = {isa = PBXFileReference; lastKnownFileType = file.storyboard; name = Base; path = Base.lproj/LaunchScreen.storyboard; sourceTree = "<group>"; };
		89AB531320AC04290011E967 /* Info.plist */ = {isa = PBXFileReference; lastKnownFileType = text.plist.xml; path = Info.plist; sourceTree = "<group>"; };
		89AB531420AC04290011E967 /* main.m */ = {isa = PBXFileReference; lastKnownFileType = sourcecode.c.objc; path = main.m; sourceTree = "<group>"; };
		89AB531A20AC04290011E967 /* BZCategoryDemoTests.xctest */ = {isa = PBXFileReference; explicitFileType = wrapper.cfbundle; includeInIndex = 0; path = BZCategoryDemoTests.xctest; sourceTree = BUILT_PRODUCTS_DIR; };
		89AB531E20AC04290011E967 /* BZCategoryDemoTests.m */ = {isa = PBXFileReference; lastKnownFileType = sourcecode.c.objc; path = BZCategoryDemoTests.m; sourceTree = "<group>"; };
		89AB532020AC04290011E967 /* Info.plist */ = {isa = PBXFileReference; lastKnownFileType = text.plist.xml; path = Info.plist; sourceTree = "<group>"; };
		89AB532520AC04290011E967 /* BZCategoryDemoUITests.xctest */ = {isa = PBXFileReference; explicitFileType = wrapper.cfbundle; includeInIndex = 0; path = BZCategoryDemoUITests.xctest; sourceTree = BUILT_PRODUCTS_DIR; };
		89AB532920AC04290011E967 /* BZCategoryDemoUITests.m */ = {isa = PBXFileReference; lastKnownFileType = sourcecode.c.objc; path = BZCategoryDemoUITests.m; sourceTree = "<group>"; };
		89AB532B20AC04290011E967 /* Info.plist */ = {isa = PBXFileReference; lastKnownFileType = text.plist.xml; path = Info.plist; sourceTree = "<group>"; };
		89AB533820AC04470011E967 /* NSArray+BZUnicodeReadable.h */ = {isa = PBXFileReference; fileEncoding = 4; lastKnownFileType = sourcecode.c.h; path = "NSArray+BZUnicodeReadable.h"; sourceTree = "<group>"; };
		89AB533920AC04470011E967 /* NSArray+BZUnicodeReadable.m */ = {isa = PBXFileReference; fileEncoding = 4; lastKnownFileType = sourcecode.c.objc; path = "NSArray+BZUnicodeReadable.m"; sourceTree = "<group>"; };
		89AB533A20AC04470011E967 /* NSDictionary+BZUnicodeReadable.h */ = {isa = PBXFileReference; fileEncoding = 4; lastKnownFileType = sourcecode.c.h; path = "NSDictionary+BZUnicodeReadable.h"; sourceTree = "<group>"; };
		89AB533B20AC04470011E967 /* NSDictionary+BZUnicodeReadable.m */ = {isa = PBXFileReference; fileEncoding = 4; lastKnownFileType = sourcecode.c.objc; path = "NSDictionary+BZUnicodeReadable.m"; sourceTree = "<group>"; };
		89AB533C20AC04470011E967 /* NSSet+BZUnicodeReadable.h */ = {isa = PBXFileReference; fileEncoding = 4; lastKnownFileType = sourcecode.c.h; path = "NSSet+BZUnicodeReadable.h"; sourceTree = "<group>"; };
		89AB533D20AC04470011E967 /* NSSet+BZUnicodeReadable.m */ = {isa = PBXFileReference; fileEncoding = 4; lastKnownFileType = sourcecode.c.objc; path = "NSSet+BZUnicodeReadable.m"; sourceTree = "<group>"; };
		89AB533E20AC04470011E967 /* NSUserDefaults+BZAdd.h */ = {isa = PBXFileReference; fileEncoding = 4; lastKnownFileType = sourcecode.c.h; path = "NSUserDefaults+BZAdd.h"; sourceTree = "<group>"; };
		89AB533F20AC04470011E967 /* NSUserDefaults+BZAdd.m */ = {isa = PBXFileReference; fileEncoding = 4; lastKnownFileType = sourcecode.c.objc; path = "NSUserDefaults+BZAdd.m"; sourceTree = "<group>"; };
		89AB534020AC04470011E967 /* BZCategory.h */ = {isa = PBXFileReference; fileEncoding = 4; lastKnownFileType = sourcecode.c.h; path = BZCategory.h; sourceTree = "<group>"; };
		89AB534220AC04470011E967 /* BZModel.h */ = {isa = PBXFileReference; fileEncoding = 4; lastKnownFileType = sourcecode.c.h; path = BZModel.h; sourceTree = "<group>"; };
		89AB534320AC04470011E967 /* BZModel.m */ = {isa = PBXFileReference; fileEncoding = 4; lastKnownFileType = sourcecode.c.objc; path = BZModel.m; sourceTree = "<group>"; };
		921722E9DC07163DE48E682C /* Pods-BZCategoryDemo.debug.xcconfig */ = {isa = PBXFileReference; includeInIndex = 1; lastKnownFileType = text.xcconfig; name = "Pods-BZCategoryDemo.debug.xcconfig"; path = "Pods/Target Support Files/Pods-BZCategoryDemo/Pods-BZCategoryDemo.debug.xcconfig"; sourceTree = "<group>"; };
/* End PBXFileReference section */

/* Begin PBXFrameworksBuildPhase section */
		89AB52FF20AC04290011E967 /* Frameworks */ = {
			isa = PBXFrameworksBuildPhase;
			buildActionMask = 2147483647;
			files = (
				0678F2BC4318A6E362DAB1E4 /* libPods-BZCategoryDemo.a in Frameworks */,
			);
			runOnlyForDeploymentPostprocessing = 0;
		};
		89AB531720AC04290011E967 /* Frameworks */ = {
			isa = PBXFrameworksBuildPhase;
			buildActionMask = 2147483647;
			files = (
			);
			runOnlyForDeploymentPostprocessing = 0;
		};
		89AB532220AC04290011E967 /* Frameworks */ = {
			isa = PBXFrameworksBuildPhase;
			buildActionMask = 2147483647;
			files = (
			);
			runOnlyForDeploymentPostprocessing = 0;
		};
/* End PBXFrameworksBuildPhase section */

/* Begin PBXGroup section */
		651EEA9868BFF697A6E5086F /* Pods */ = {
			isa = PBXGroup;
			children = (
				921722E9DC07163DE48E682C /* Pods-BZCategoryDemo.debug.xcconfig */,
				41C08C34B47BFC1852B8656B /* Pods-BZCategoryDemo.release.xcconfig */,
			);
			name = Pods;
			sourceTree = "<group>";
		};
		89AB52F920AC04290011E967 = {
			isa = PBXGroup;
			children = (
				89AB530420AC04290011E967 /* BZCategoryDemo */,
				89AB531D20AC04290011E967 /* BZCategoryDemoTests */,
				89AB532820AC04290011E967 /* BZCategoryDemoUITests */,
				89AB530320AC04290011E967 /* Products */,
				651EEA9868BFF697A6E5086F /* Pods */,
				A37F0F678E0F8AD9F48F6417 /* Frameworks */,
			);
			sourceTree = "<group>";
		};
		89AB530320AC04290011E967 /* Products */ = {
			isa = PBXGroup;
			children = (
				89AB530220AC04290011E967 /* BZCategoryDemo.app */,
				89AB531A20AC04290011E967 /* BZCategoryDemoTests.xctest */,
				89AB532520AC04290011E967 /* BZCategoryDemoUITests.xctest */,
			);
			name = Products;
			sourceTree = "<group>";
		};
		89AB530420AC04290011E967 /* BZCategoryDemo */ = {
			isa = PBXGroup;
			children = (
				89AB530520AC04290011E967 /* AppDelegate.h */,
				89AB530620AC04290011E967 /* AppDelegate.m */,
				89AB530820AC04290011E967 /* ViewController.h */,
				89AB530920AC04290011E967 /* ViewController.m */,
				89AB530B20AC04290011E967 /* Main.storyboard */,
				89AB530E20AC04290011E967 /* Assets.xcassets */,
				89AB531020AC04290011E967 /* LaunchScreen.storyboard */,
				89AB531320AC04290011E967 /* Info.plist */,
				89AB531420AC04290011E967 /* main.m */,
				89AB534920AC04500011E967 /* BZCategory */,
			);
			path = BZCategoryDemo;
			sourceTree = "<group>";
		};
		89AB531D20AC04290011E967 /* BZCategoryDemoTests */ = {
			isa = PBXGroup;
			children = (
				89AB531E20AC04290011E967 /* BZCategoryDemoTests.m */,
				89AB532020AC04290011E967 /* Info.plist */,
			);
			path = BZCategoryDemoTests;
			sourceTree = "<group>";
		};
		89AB532820AC04290011E967 /* BZCategoryDemoUITests */ = {
			isa = PBXGroup;
			children = (
				89AB532920AC04290011E967 /* BZCategoryDemoUITests.m */,
				89AB532B20AC04290011E967 /* Info.plist */,
			);
			path = BZCategoryDemoUITests;
			sourceTree = "<group>";
		};
		89AB533720AC04470011E967 /* Foundation */ = {
			isa = PBXGroup;
			children = (
				898EEC0520AD865300C670C4 /* NSArray+BZAddSafe.h */,
				898EEC0620AD865300C670C4 /* NSArray+BZAddSafe.m */,
				898EEC0720AD865300C670C4 /* NSDictionary+BZAddSafe.h */,
				898EEC0820AD865300C670C4 /* NSDictionary+BZAddSafe.m */,
				898EEC0920AD865300C670C4 /* NSMutableArray+BZAddSafe.h */,
				898EEC0A20AD865300C670C4 /* NSMutableArray+BZAddSafe.m */,
				898EEC0B20AD865300C670C4 /* NSMutableDictionary+BZAddSafe.h */,
				898EEC0C20AD865300C670C4 /* NSMutableDictionary+BZAddSafe.m */,
				898EEC0D20AD865300C670C4 /* NSObject+BZAddImpChange.h */,
				898EEC0E20AD865300C670C4 /* NSObject+BZAddImpChange.m */,
				89AB533820AC04470011E967 /* NSArray+BZUnicodeReadable.h */,
				89AB533920AC04470011E967 /* NSArray+BZUnicodeReadable.m */,
				89AB533A20AC04470011E967 /* NSDictionary+BZUnicodeReadable.h */,
				89AB533B20AC04470011E967 /* NSDictionary+BZUnicodeReadable.m */,
				89AB533C20AC04470011E967 /* NSSet+BZUnicodeReadable.h */,
				89AB533D20AC04470011E967 /* NSSet+BZUnicodeReadable.m */,
				89AB533E20AC04470011E967 /* NSUserDefaults+BZAdd.h */,
				89AB533F20AC04470011E967 /* NSUserDefaults+BZAdd.m */,
			);
			path = Foundation;
			sourceTree = "<group>";
		};
		89AB534120AC04470011E967 /* BZModel */ = {
			isa = PBXGroup;
			children = (
				89AB534220AC04470011E967 /* BZModel.h */,
				89AB534320AC04470011E967 /* BZModel.m */,
			);
			path = BZModel;
			sourceTree = "<group>";
		};
		89AB534920AC04500011E967 /* BZCategory */ = {
			isa = PBXGroup;
			children = (
				89AB534020AC04470011E967 /* BZCategory.h */,
				89AB533720AC04470011E967 /* Foundation */,
				89AB534120AC04470011E967 /* BZModel */,
			);
			path = BZCategory;
			sourceTree = "<group>";
		};
		A37F0F678E0F8AD9F48F6417 /* Frameworks */ = {
			isa = PBXGroup;
			children = (
				8741159290E71414B9A20B73 /* libPods-BZCategoryDemo.a */,
			);
			name = Frameworks;
			sourceTree = "<group>";
		};
/* End PBXGroup section */

/* Begin PBXNativeTarget section */
		89AB530120AC04290011E967 /* BZCategoryDemo */ = {
			isa = PBXNativeTarget;
			buildConfigurationList = 89AB532E20AC04290011E967 /* Build configuration list for PBXNativeTarget "BZCategoryDemo" */;
			buildPhases = (
				15565763540A32B235F67E38 /* [CP] Check Pods Manifest.lock */,
				89AB52FE20AC04290011E967 /* Sources */,
				89AB52FF20AC04290011E967 /* Frameworks */,
				89AB530020AC04290011E967 /* Resources */,
			);
			buildRules = (
			);
			dependencies = (
			);
			name = BZCategoryDemo;
			productName = BZCategoryDemo;
			productReference = 89AB530220AC04290011E967 /* BZCategoryDemo.app */;
			productType = "com.apple.product-type.application";
		};
		89AB531920AC04290011E967 /* BZCategoryDemoTests */ = {
			isa = PBXNativeTarget;
			buildConfigurationList = 89AB533120AC04290011E967 /* Build configuration list for PBXNativeTarget "BZCategoryDemoTests" */;
			buildPhases = (
				89AB531620AC04290011E967 /* Sources */,
				89AB531720AC04290011E967 /* Frameworks */,
				89AB531820AC04290011E967 /* Resources */,
			);
			buildRules = (
			);
			dependencies = (
				89AB531C20AC04290011E967 /* PBXTargetDependency */,
			);
			name = BZCategoryDemoTests;
			productName = BZCategoryDemoTests;
			productReference = 89AB531A20AC04290011E967 /* BZCategoryDemoTests.xctest */;
			productType = "com.apple.product-type.bundle.unit-test";
		};
		89AB532420AC04290011E967 /* BZCategoryDemoUITests */ = {
			isa = PBXNativeTarget;
			buildConfigurationList = 89AB533420AC04290011E967 /* Build configuration list for PBXNativeTarget "BZCategoryDemoUITests" */;
			buildPhases = (
				89AB532120AC04290011E967 /* Sources */,
				89AB532220AC04290011E967 /* Frameworks */,
				89AB532320AC04290011E967 /* Resources */,
			);
			buildRules = (
			);
			dependencies = (
				89AB532720AC04290011E967 /* PBXTargetDependency */,
			);
			name = BZCategoryDemoUITests;
			productName = BZCategoryDemoUITests;
			productReference = 89AB532520AC04290011E967 /* BZCategoryDemoUITests.xctest */;
			productType = "com.apple.product-type.bundle.ui-testing";
		};
/* End PBXNativeTarget section */

/* Begin PBXProject section */
		89AB52FA20AC04290011E967 /* Project object */ = {
			isa = PBXProject;
			attributes = {
				LastUpgradeCheck = 0920;
				ORGANIZATIONNAME = Eric;
				TargetAttributes = {
					89AB530120AC04290011E967 = {
						CreatedOnToolsVersion = 9.2;
						ProvisioningStyle = Manual;
					};
					89AB531920AC04290011E967 = {
						CreatedOnToolsVersion = 9.2;
						ProvisioningStyle = Automatic;
						TestTargetID = 89AB530120AC04290011E967;
					};
					89AB532420AC04290011E967 = {
						CreatedOnToolsVersion = 9.2;
						ProvisioningStyle = Automatic;
						TestTargetID = 89AB530120AC04290011E967;
					};
				};
			};
			buildConfigurationList = 89AB52FD20AC04290011E967 /* Build configuration list for PBXProject "BZCategoryDemo" */;
			compatibilityVersion = "Xcode 8.0";
			developmentRegion = en;
			hasScannedForEncodings = 0;
			knownRegions = (
				en,
				Base,
			);
			mainGroup = 89AB52F920AC04290011E967;
			productRefGroup = 89AB530320AC04290011E967 /* Products */;
			projectDirPath = "";
			projectRoot = "";
			targets = (
				89AB530120AC04290011E967 /* BZCategoryDemo */,
				89AB531920AC04290011E967 /* BZCategoryDemoTests */,
				89AB532420AC04290011E967 /* BZCategoryDemoUITests */,
			);
		};
/* End PBXProject section */

/* Begin PBXResourcesBuildPhase section */
		89AB530020AC04290011E967 /* Resources */ = {
			isa = PBXResourcesBuildPhase;
			buildActionMask = 2147483647;
			files = (
				89AB531220AC04290011E967 /* LaunchScreen.storyboard in Resources */,
				89AB530F20AC04290011E967 /* Assets.xcassets in Resources */,
				89AB530D20AC04290011E967 /* Main.storyboard in Resources */,
			);
			runOnlyForDeploymentPostprocessing = 0;
		};
		89AB531820AC04290011E967 /* Resources */ = {
			isa = PBXResourcesBuildPhase;
			buildActionMask = 2147483647;
			files = (
			);
			runOnlyForDeploymentPostprocessing = 0;
		};
		89AB532320AC04290011E967 /* Resources */ = {
			isa = PBXResourcesBuildPhase;
			buildActionMask = 2147483647;
			files = (
			);
			runOnlyForDeploymentPostprocessing = 0;
		};
/* End PBXResourcesBuildPhase section */

/* Begin PBXShellScriptBuildPhase section */
		15565763540A32B235F67E38 /* [CP] Check Pods Manifest.lock */ = {
			isa = PBXShellScriptBuildPhase;
			buildActionMask = 2147483647;
			files = (
			);
			inputPaths = (
				"${PODS_PODFILE_DIR_PATH}/Podfile.lock",
				"${PODS_ROOT}/Manifest.lock",
			);
			name = "[CP] Check Pods Manifest.lock";
			outputPaths = (
				"$(DERIVED_FILE_DIR)/Pods-BZCategoryDemo-checkManifestLockResult.txt",
			);
			runOnlyForDeploymentPostprocessing = 0;
			shellPath = /bin/sh;
			shellScript = "diff \"${PODS_PODFILE_DIR_PATH}/Podfile.lock\" \"${PODS_ROOT}/Manifest.lock\" > /dev/null\nif [ $? != 0 ] ; then\n    # print error to STDERR\n    echo \"error: The sandbox is not in sync with the Podfile.lock. Run 'pod install' or update your CocoaPods installation.\" >&2\n    exit 1\nfi\n# This output is used by Xcode 'outputs' to avoid re-running this script phase.\necho \"SUCCESS\" > \"${SCRIPT_OUTPUT_FILE_0}\"\n";
			showEnvVarsInLog = 0;
		};
/* End PBXShellScriptBuildPhase section */

/* Begin PBXSourcesBuildPhase section */
		89AB52FE20AC04290011E967 /* Sources */ = {
			isa = PBXSourcesBuildPhase;
			buildActionMask = 2147483647;
			files = (
				89AB534420AC04470011E967 /* NSArray+BZUnicodeReadable.m in Sources */,
				898EEC1020AD865300C670C4 /* NSDictionary+BZAddSafe.m in Sources */,
				89AB534820AC04470011E967 /* BZModel.m in Sources */,
				898EEC0F20AD865300C670C4 /* NSArray+BZAddSafe.m in Sources */,
				89AB534620AC04470011E967 /* NSSet+BZUnicodeReadable.m in Sources */,
				89AB530A20AC04290011E967 /* ViewController.m in Sources */,
				898EEC1220AD865300C670C4 /* NSMutableDictionary+BZAddSafe.m in Sources */,
				89AB531520AC04290011E967 /* main.m in Sources */,
				89AB534720AC04470011E967 /* NSUserDefaults+BZAdd.m in Sources */,
				89AB530720AC04290011E967 /* AppDelegate.m in Sources */,
				898EEC1120AD865300C670C4 /* NSMutableArray+BZAddSafe.m in Sources */,
				89AB534520AC04470011E967 /* NSDictionary+BZUnicodeReadable.m in Sources */,
				898EEC1320AD865300C670C4 /* NSObject+BZAddImpChange.m in Sources */,
			);
			runOnlyForDeploymentPostprocessing = 0;
		};
		89AB531620AC04290011E967 /* Sources */ = {
			isa = PBXSourcesBuildPhase;
			buildActionMask = 2147483647;
			files = (
				89AB531F20AC04290011E967 /* BZCategoryDemoTests.m in Sources */,
			);
			runOnlyForDeploymentPostprocessing = 0;
		};
		89AB532120AC04290011E967 /* Sources */ = {
			isa = PBXSourcesBuildPhase;
			buildActionMask = 2147483647;
			files = (
				89AB532A20AC04290011E967 /* BZCategoryDemoUITests.m in Sources */,
			);
			runOnlyForDeploymentPostprocessing = 0;
		};
/* End PBXSourcesBuildPhase section */

/* Begin PBXTargetDependency section */
		89AB531C20AC04290011E967 /* PBXTargetDependency */ = {
			isa = PBXTargetDependency;
			target = 89AB530120AC04290011E967 /* BZCategoryDemo */;
			targetProxy = 89AB531B20AC04290011E967 /* PBXContainerItemProxy */;
		};
		89AB532720AC04290011E967 /* PBXTargetDependency */ = {
			isa = PBXTargetDependency;
			target = 89AB530120AC04290011E967 /* BZCategoryDemo */;
			targetProxy = 89AB532620AC04290011E967 /* PBXContainerItemProxy */;
		};
/* End PBXTargetDependency section */

/* Begin PBXVariantGroup section */
		89AB530B20AC04290011E967 /* Main.storyboard */ = {
			isa = PBXVariantGroup;
			children = (
				89AB530C20AC04290011E967 /* Base */,
			);
			name = Main.storyboard;
			sourceTree = "<group>";
		};
		89AB531020AC04290011E967 /* LaunchScreen.storyboard */ = {
			isa = PBXVariantGroup;
			children = (
				89AB531120AC04290011E967 /* Base */,
			);
			name = LaunchScreen.storyboard;
			sourceTree = "<group>";
		};
/* End PBXVariantGroup section */

/* Begin XCBuildConfiguration section */
		89AB532C20AC04290011E967 /* Debug */ = {
			isa = XCBuildConfiguration;
			buildSettings = {
				ALWAYS_SEARCH_USER_PATHS = NO;
				CLANG_ANALYZER_NONNULL = YES;
				CLANG_ANALYZER_NUMBER_OBJECT_CONVERSION = YES_AGGRESSIVE;
				CLANG_CXX_LANGUAGE_STANDARD = "gnu++14";
				CLANG_CXX_LIBRARY = "libc++";
				CLANG_ENABLE_MODULES = YES;
				CLANG_ENABLE_OBJC_ARC = YES;
				CLANG_WARN_BLOCK_CAPTURE_AUTORELEASING = YES;
				CLANG_WARN_BOOL_CONVERSION = YES;
				CLANG_WARN_COMMA = YES;
				CLANG_WARN_CONSTANT_CONVERSION = YES;
				CLANG_WARN_DIRECT_OBJC_ISA_USAGE = YES_ERROR;
				CLANG_WARN_DOCUMENTATION_COMMENTS = YES;
				CLANG_WARN_EMPTY_BODY = YES;
				CLANG_WARN_ENUM_CONVERSION = YES;
				CLANG_WARN_INFINITE_RECURSION = YES;
				CLANG_WARN_INT_CONVERSION = YES;
				CLANG_WARN_NON_LITERAL_NULL_CONVERSION = YES;
				CLANG_WARN_OBJC_LITERAL_CONVERSION = YES;
				CLANG_WARN_OBJC_ROOT_CLASS = YES_ERROR;
				CLANG_WARN_RANGE_LOOP_ANALYSIS = YES;
				CLANG_WARN_STRICT_PROTOTYPES = YES;
				CLANG_WARN_SUSPICIOUS_MOVE = YES;
				CLANG_WARN_UNGUARDED_AVAILABILITY = YES_AGGRESSIVE;
				CLANG_WARN_UNREACHABLE_CODE = YES;
				CLANG_WARN__DUPLICATE_METHOD_MATCH = YES;
				CODE_SIGN_IDENTITY = "iPhone Developer";
				COPY_PHASE_STRIP = NO;
				DEBUG_INFORMATION_FORMAT = dwarf;
				ENABLE_STRICT_OBJC_MSGSEND = YES;
				ENABLE_TESTABILITY = YES;
				GCC_C_LANGUAGE_STANDARD = gnu11;
				GCC_DYNAMIC_NO_PIC = NO;
				GCC_NO_COMMON_BLOCKS = YES;
				GCC_OPTIMIZATION_LEVEL = 0;
				GCC_PREPROCESSOR_DEFINITIONS = (
					"DEBUG=1",
					"$(inherited)",
				);
				GCC_WARN_64_TO_32_BIT_CONVERSION = YES;
				GCC_WARN_ABOUT_RETURN_TYPE = YES_ERROR;
				GCC_WARN_UNDECLARED_SELECTOR = YES;
				GCC_WARN_UNINITIALIZED_AUTOS = YES_AGGRESSIVE;
				GCC_WARN_UNUSED_FUNCTION = YES;
				GCC_WARN_UNUSED_VARIABLE = YES;
				IPHONEOS_DEPLOYMENT_TARGET = 11.2;
				MTL_ENABLE_DEBUG_INFO = YES;
				ONLY_ACTIVE_ARCH = YES;
				SDKROOT = iphoneos;
			};
			name = Debug;
		};
		89AB532D20AC04290011E967 /* Release */ = {
			isa = XCBuildConfiguration;
			buildSettings = {
				ALWAYS_SEARCH_USER_PATHS = NO;
				CLANG_ANALYZER_NONNULL = YES;
				CLANG_ANALYZER_NUMBER_OBJECT_CONVERSION = YES_AGGRESSIVE;
				CLANG_CXX_LANGUAGE_STANDARD = "gnu++14";
				CLANG_CXX_LIBRARY = "libc++";
				CLANG_ENABLE_MODULES = YES;
				CLANG_ENABLE_OBJC_ARC = YES;
				CLANG_WARN_BLOCK_CAPTURE_AUTORELEASING = YES;
				CLANG_WARN_BOOL_CONVERSION = YES;
				CLANG_WARN_COMMA = YES;
				CLANG_WARN_CONSTANT_CONVERSION = YES;
				CLANG_WARN_DIRECT_OBJC_ISA_USAGE = YES_ERROR;
				CLANG_WARN_DOCUMENTATION_COMMENTS = YES;
				CLANG_WARN_EMPTY_BODY = YES;
				CLANG_WARN_ENUM_CONVERSION = YES;
				CLANG_WARN_INFINITE_RECURSION = YES;
				CLANG_WARN_INT_CONVERSION = YES;
				CLANG_WARN_NON_LITERAL_NULL_CONVERSION = YES;
				CLANG_WARN_OBJC_LITERAL_CONVERSION = YES;
				CLANG_WARN_OBJC_ROOT_CLASS = YES_ERROR;
				CLANG_WARN_RANGE_LOOP_ANALYSIS = YES;
				CLANG_WARN_STRICT_PROTOTYPES = YES;
				CLANG_WARN_SUSPICIOUS_MOVE = YES;
				CLANG_WARN_UNGUARDED_AVAILABILITY = YES_AGGRESSIVE;
				CLANG_WARN_UNREACHABLE_CODE = YES;
				CLANG_WARN__DUPLICATE_METHOD_MATCH = YES;
				CODE_SIGN_IDENTITY = "iPhone Developer";
				COPY_PHASE_STRIP = NO;
				DEBUG_INFORMATION_FORMAT = "dwarf-with-dsym";
				ENABLE_NS_ASSERTIONS = NO;
				ENABLE_STRICT_OBJC_MSGSEND = YES;
				GCC_C_LANGUAGE_STANDARD = gnu11;
				GCC_NO_COMMON_BLOCKS = YES;
				GCC_WARN_64_TO_32_BIT_CONVERSION = YES;
				GCC_WARN_ABOUT_RETURN_TYPE = YES_ERROR;
				GCC_WARN_UNDECLARED_SELECTOR = YES;
				GCC_WARN_UNINITIALIZED_AUTOS = YES_AGGRESSIVE;
				GCC_WARN_UNUSED_FUNCTION = YES;
				GCC_WARN_UNUSED_VARIABLE = YES;
				IPHONEOS_DEPLOYMENT_TARGET = 11.2;
				MTL_ENABLE_DEBUG_INFO = NO;
				SDKROOT = iphoneos;
				VALIDATE_PRODUCT = YES;
			};
			name = Release;
		};
		89AB532F20AC04290011E967 /* Debug */ = {
			isa = XCBuildConfiguration;
			baseConfigurationReference = 921722E9DC07163DE48E682C /* Pods-BZCategoryDemo.debug.xcconfig */;
			buildSettings = {
				ASSETCATALOG_COMPILER_APPICON_NAME = AppIcon;
				CODE_SIGN_STYLE = Manual;
				DEVELOPMENT_TEAM = "";
				INFOPLIST_FILE = BZCategoryDemo/Info.plist;
				LD_RUNPATH_SEARCH_PATHS = "$(inherited) @executable_path/Frameworks";
				PRODUCT_BUNDLE_IDENTIFIER = com.Eric.BZCategoryDemo;
				PRODUCT_NAME = "$(TARGET_NAME)";
				PROVISIONING_PROFILE_SPECIFIER = "";
				TARGETED_DEVICE_FAMILY = "1,2";
			};
			name = Debug;
		};
		89AB533020AC04290011E967 /* Release */ = {
			isa = XCBuildConfiguration;
			baseConfigurationReference = 41C08C34B47BFC1852B8656B /* Pods-BZCategoryDemo.release.xcconfig */;
			buildSettings = {
				ASSETCATALOG_COMPILER_APPICON_NAME = AppIcon;
				CODE_SIGN_STYLE = Manual;
				DEVELOPMENT_TEAM = "";
				INFOPLIST_FILE = BZCategoryDemo/Info.plist;
				LD_RUNPATH_SEARCH_PATHS = "$(inherited) @executable_path/Frameworks";
				PRODUCT_BUNDLE_IDENTIFIER = com.Eric.BZCategoryDemo;
				PRODUCT_NAME = "$(TARGET_NAME)";
				PROVISIONING_PROFILE_SPECIFIER = "";
				TARGETED_DEVICE_FAMILY = "1,2";
			};
			name = Release;
		};
		89AB533220AC04290011E967 /* Debug */ = {
			isa = XCBuildConfiguration;
			buildSettings = {
				BUNDLE_LOADER = "$(TEST_HOST)";
				CODE_SIGN_STYLE = Automatic;
				DEVELOPMENT_TEAM = AE7SHG629D;
				INFOPLIST_FILE = BZCategoryDemoTests/Info.plist;
				LD_RUNPATH_SEARCH_PATHS = "$(inherited) @executable_path/Frameworks @loader_path/Frameworks";
				PRODUCT_BUNDLE_IDENTIFIER = com.Eric.BZCategoryDemoTests;
				PRODUCT_NAME = "$(TARGET_NAME)";
				TARGETED_DEVICE_FAMILY = "1,2";
				TEST_HOST = "$(BUILT_PRODUCTS_DIR)/BZCategoryDemo.app/BZCategoryDemo";
			};
			name = Debug;
		};
		89AB533320AC04290011E967 /* Release */ = {
			isa = XCBuildConfiguration;
			buildSettings = {
				BUNDLE_LOADER = "$(TEST_HOST)";
				CODE_SIGN_STYLE = Automatic;
				DEVELOPMENT_TEAM = AE7SHG629D;
				INFOPLIST_FILE = BZCategoryDemoTests/Info.plist;
				LD_RUNPATH_SEARCH_PATHS = "$(inherited) @executable_path/Frameworks @loader_path/Frameworks";
				PRODUCT_BUNDLE_IDENTIFIER = com.Eric.BZCategoryDemoTests;
				PRODUCT_NAME = "$(TARGET_NAME)";
				TARGETED_DEVICE_FAMILY = "1,2";
				TEST_HOST = "$(BUILT_PRODUCTS_DIR)/BZCategoryDemo.app/BZCategoryDemo";
			};
			name = Release;
		};
		89AB533520AC04290011E967 /* Debug */ = {
			isa = XCBuildConfiguration;
			buildSettings = {
				CODE_SIGN_STYLE = Automatic;
				DEVELOPMENT_TEAM = AE7SHG629D;
				INFOPLIST_FILE = BZCategoryDemoUITests/Info.plist;
				LD_RUNPATH_SEARCH_PATHS = "$(inherited) @executable_path/Frameworks @loader_path/Frameworks";
				PRODUCT_BUNDLE_IDENTIFIER = com.Eric.BZCategoryDemoUITests;
				PRODUCT_NAME = "$(TARGET_NAME)";
				TARGETED_DEVICE_FAMILY = "1,2";
				TEST_TARGET_NAME = BZCategoryDemo;
			};
			name = Debug;
		};
		89AB533620AC04290011E967 /* Release */ = {
			isa = XCBuildConfiguration;
			buildSettings = {
				CODE_SIGN_STYLE = Automatic;
				DEVELOPMENT_TEAM = AE7SHG629D;
				INFOPLIST_FILE = BZCategoryDemoUITests/Info.plist;
				LD_RUNPATH_SEARCH_PATHS = "$(inherited) @executable_path/Frameworks @loader_path/Frameworks";
				PRODUCT_BUNDLE_IDENTIFIER = com.Eric.BZCategoryDemoUITests;
				PRODUCT_NAME = "$(TARGET_NAME)";
				TARGETED_DEVICE_FAMILY = "1,2";
				TEST_TARGET_NAME = BZCategoryDemo;
			};
			name = Release;
		};
/* End XCBuildConfiguration section */

/* Begin XCConfigurationList section */
		89AB52FD20AC04290011E967 /* Build configuration list for PBXProject "BZCategoryDemo" */ = {
			isa = XCConfigurationList;
			buildConfigurations = (
				89AB532C20AC04290011E967 /* Debug */,
				89AB532D20AC04290011E967 /* Release */,
			);
			defaultConfigurationIsVisible = 0;
			defaultConfigurationName = Release;
		};
		89AB532E20AC04290011E967 /* Build configuration list for PBXNativeTarget "BZCategoryDemo" */ = {
			isa = XCConfigurationList;
			buildConfigurations = (
				89AB532F20AC04290011E967 /* Debug */,
				89AB533020AC04290011E967 /* Release */,
			);
			defaultConfigurationIsVisible = 0;
			defaultConfigurationName = Release;
		};
		89AB533120AC04290011E967 /* Build configuration list for PBXNativeTarget "BZCategoryDemoTests" */ = {
			isa = XCConfigurationList;
			buildConfigurations = (
				89AB533220AC04290011E967 /* Debug */,
				89AB533320AC04290011E967 /* Release */,
			);
			defaultConfigurationIsVisible = 0;
			defaultConfigurationName = Release;
		};
		89AB533420AC04290011E967 /* Build configuration list for PBXNativeTarget "BZCategoryDemoUITests" */ = {
			isa = XCConfigurationList;
			buildConfigurations = (
				89AB533520AC04290011E967 /* Debug */,
				89AB533620AC04290011E967 /* Release */,
			);
			defaultConfigurationIsVisible = 0;
			defaultConfigurationName = Release;
		};
/* End XCConfigurationList section */
	};
	rootObject = 89AB52FA20AC04290011E967 /* Project object */;
}
