// !$*UTF8*$!
{
	archiveVersion = 1;
	classes = {
	};
	objectVersion = 50;
	objects = {

/* Begin PBXBuildFile section */
		076E4B5F210C2F3E00EC857B /* AppDelegate.m in Sources */ = {isa = PBXBuildFile; fileRef = 076E4B5E210C2F3E00EC857B /* AppDelegate.m */; };
		076E4B62210C2F3E00EC857B /* ViewController.m in Sources */ = {isa = PBXBuildFile; fileRef = 076E4B61210C2F3E00EC857B /* ViewController.m */; };
		076E4B65210C2F3E00EC857B /* Main.storyboard in Resources */ = {isa = PBXBuildFile; fileRef = 076E4B63210C2F3E00EC857B /* Main.storyboard */; };
		076E4B67210C2F3E00EC857B /* Assets.xcassets in Resources */ = {isa = PBXBuildFile; fileRef = 076E4B66210C2F3E00EC857B /* Assets.xcassets */; };
		076E4B6A210C2F3E00EC857B /* LaunchScreen.storyboard in Resources */ = {isa = PBXBuildFile; fileRef = 076E4B68210C2F3E00EC857B /* LaunchScreen.storyboard */; };
		076E4B6D210C2F3F00EC857B /* main.m in Sources */ = {isa = PBXBuildFile; fileRef = 076E4B6C210C2F3F00EC857B /* main.m */; };
		076E4B77210C2F3F00EC857B /* BZCategoryDemoTests.m in Sources */ = {isa = PBXBuildFile; fileRef = 076E4B76210C2F3F00EC857B /* BZCategoryDemoTests.m */; };
		076E4B82210C2F3F00EC857B /* BZCategoryDemoUITests.m in Sources */ = {isa = PBXBuildFile; fileRef = 076E4B81210C2F3F00EC857B /* BZCategoryDemoUITests.m */; };
		076E4BA9210C2F7400EC857B /* NSArray+BZAddSafe.m in Sources */ = {isa = PBXBuildFile; fileRef = 076E4B95210C2F7400EC857B /* NSArray+BZAddSafe.m */; };
		076E4BAA210C2F7400EC857B /* NSMutableDictionary+BZAddSafe.m in Sources */ = {isa = PBXBuildFile; fileRef = 076E4B98210C2F7400EC857B /* NSMutableDictionary+BZAddSafe.m */; };
		076E4BAC210C2F7400EC857B /* NSUserDefaults+BZAdd.m in Sources */ = {isa = PBXBuildFile; fileRef = 076E4B9B210C2F7400EC857B /* NSUserDefaults+BZAdd.m */; };
		076E4BAD210C2F7400EC857B /* NSArray+BZAddUnicodeReadable.m in Sources */ = {isa = PBXBuildFile; fileRef = 076E4B9D210C2F7400EC857B /* NSArray+BZAddUnicodeReadable.m */; };
		076E4BAE210C2F7400EC857B /* NSMutableArray+BZAddSafe.m in Sources */ = {isa = PBXBuildFile; fileRef = 076E4B9E210C2F7400EC857B /* NSMutableArray+BZAddSafe.m */; };
		076E4BAF210C2F7400EC857B /* NSDictionary+BZAddUnicodeReadable.m in Sources */ = {isa = PBXBuildFile; fileRef = 076E4B9F210C2F7400EC857B /* NSDictionary+BZAddUnicodeReadable.m */; };
		076E4BB0210C2F7400EC857B /* NSDictionary+BZAddSafe.m in Sources */ = {isa = PBXBuildFile; fileRef = 076E4BA0210C2F7400EC857B /* NSDictionary+BZAddSafe.m */; };
		076E4BB1210C2F7400EC857B /* NSSet+BZAddUnicodeReadable.m in Sources */ = {isa = PBXBuildFile; fileRef = 076E4BA1210C2F7400EC857B /* NSSet+BZAddUnicodeReadable.m */; };
		076E4BB2210C2F7400EC857B /* NSObject+BZAddImpChange.m in Sources */ = {isa = PBXBuildFile; fileRef = 076E4BA2210C2F7400EC857B /* NSObject+BZAddImpChange.m */; };
		07CA59D621291B50009EA5B2 /* TestModel.m in Sources */ = {isa = PBXBuildFile; fileRef = 07CA59D521291B50009EA5B2 /* TestModel.m */; };
		07E5D6892115BC8A00BFC9AE /* NSString+BZAddRegex.m in Sources */ = {isa = PBXBuildFile; fileRef = 07E5D6872115BC8A00BFC9AE /* NSString+BZAddRegex.m */; };
		40A0E75C212536CE005AFFF5 /* NSArray+BZAdd.m in Sources */ = {isa = PBXBuildFile; fileRef = 40A0E75B212536CE005AFFF5 /* NSArray+BZAdd.m */; };
		5471F873769CDCC7D286D419 /* libPods-BZCategoryDemo.a in Frameworks */ = {isa = PBXBuildFile; fileRef = B224736E8383B6BD6CBF6F0C /* libPods-BZCategoryDemo.a */; };
/* End PBXBuildFile section */

/* Begin PBXContainerItemProxy section */
		076E4B73210C2F3F00EC857B /* PBXContainerItemProxy */ = {
			isa = PBXContainerItemProxy;
			containerPortal = 076E4B52210C2F3E00EC857B /* Project object */;
			proxyType = 1;
			remoteGlobalIDString = 076E4B59210C2F3E00EC857B;
			remoteInfo = BZCategoryDemo;
		};
		076E4B7E210C2F3F00EC857B /* PBXContainerItemProxy */ = {
			isa = PBXContainerItemProxy;
			containerPortal = 076E4B52210C2F3E00EC857B /* Project object */;
			proxyType = 1;
			remoteGlobalIDString = 076E4B59210C2F3E00EC857B;
			remoteInfo = BZCategoryDemo;
		};
/* End PBXContainerItemProxy section */

/* Begin PBXFileReference section */
		0715F633210C318D00797E81 /* BZCategory.h */ = {isa = PBXFileReference; lastKnownFileType = sourcecode.c.h; path = BZCategory.h; sourceTree = "<group>"; };
		076E4B5A210C2F3E00EC857B /* BZCategoryDemo.app */ = {isa = PBXFileReference; explicitFileType = wrapper.application; includeInIndex = 0; path = BZCategoryDemo.app; sourceTree = BUILT_PRODUCTS_DIR; };
		076E4B5D210C2F3E00EC857B /* AppDelegate.h */ = {isa = PBXFileReference; lastKnownFileType = sourcecode.c.h; path = AppDelegate.h; sourceTree = "<group>"; };
		076E4B5E210C2F3E00EC857B /* AppDelegate.m */ = {isa = PBXFileReference; lastKnownFileType = sourcecode.c.objc; path = AppDelegate.m; sourceTree = "<group>"; };
		076E4B60210C2F3E00EC857B /* ViewController.h */ = {isa = PBXFileReference; lastKnownFileType = sourcecode.c.h; path = ViewController.h; sourceTree = "<group>"; };
		076E4B61210C2F3E00EC857B /* ViewController.m */ = {isa = PBXFileReference; lastKnownFileType = sourcecode.c.objc; path = ViewController.m; sourceTree = "<group>"; };
		076E4B64210C2F3E00EC857B /* Base */ = {isa = PBXFileReference; lastKnownFileType = file.storyboard; name = Base; path = Base.lproj/Main.storyboard; sourceTree = "<group>"; };
		076E4B66210C2F3E00EC857B /* Assets.xcassets */ = {isa = PBXFileReference; lastKnownFileType = folder.assetcatalog; path = Assets.xcassets; sourceTree = "<group>"; };
		076E4B69210C2F3E00EC857B /* Base */ = {isa = PBXFileReference; lastKnownFileType = file.storyboard; name = Base; path = Base.lproj/LaunchScreen.storyboard; sourceTree = "<group>"; };
		076E4B6B210C2F3F00EC857B /* Info.plist */ = {isa = PBXFileReference; lastKnownFileType = text.plist.xml; path = Info.plist; sourceTree = "<group>"; };
		076E4B6C210C2F3F00EC857B /* main.m */ = {isa = PBXFileReference; lastKnownFileType = sourcecode.c.objc; path = main.m; sourceTree = "<group>"; };
		076E4B72210C2F3F00EC857B /* BZCategoryDemoTests.xctest */ = {isa = PBXFileReference; explicitFileType = wrapper.cfbundle; includeInIndex = 0; path = BZCategoryDemoTests.xctest; sourceTree = BUILT_PRODUCTS_DIR; };
		076E4B76210C2F3F00EC857B /* BZCategoryDemoTests.m */ = {isa = PBXFileReference; lastKnownFileType = sourcecode.c.objc; path = BZCategoryDemoTests.m; sourceTree = "<group>"; };
		076E4B78210C2F3F00EC857B /* Info.plist */ = {isa = PBXFileReference; lastKnownFileType = text.plist.xml; path = Info.plist; sourceTree = "<group>"; };
		076E4B7D210C2F3F00EC857B /* BZCategoryDemoUITests.xctest */ = {isa = PBXFileReference; explicitFileType = wrapper.cfbundle; includeInIndex = 0; path = BZCategoryDemoUITests.xctest; sourceTree = BUILT_PRODUCTS_DIR; };
		076E4B81210C2F3F00EC857B /* BZCategoryDemoUITests.m */ = {isa = PBXFileReference; lastKnownFileType = sourcecode.c.objc; path = BZCategoryDemoUITests.m; sourceTree = "<group>"; };
		076E4B83210C2F3F00EC857B /* Info.plist */ = {isa = PBXFileReference; lastKnownFileType = text.plist.xml; path = Info.plist; sourceTree = "<group>"; };
		076E4B92210C2F7400EC857B /* NSDictionary+BZAddUnicodeReadable.h */ = {isa = PBXFileReference; fileEncoding = 4; lastKnownFileType = sourcecode.c.h; path = "NSDictionary+BZAddUnicodeReadable.h"; sourceTree = "<group>"; };
		076E4B93210C2F7400EC857B /* NSMutableArray+BZAddSafe.h */ = {isa = PBXFileReference; fileEncoding = 4; lastKnownFileType = sourcecode.c.h; path = "NSMutableArray+BZAddSafe.h"; sourceTree = "<group>"; };
		076E4B94210C2F7400EC857B /* NSArray+BZAddUnicodeReadable.h */ = {isa = PBXFileReference; fileEncoding = 4; lastKnownFileType = sourcecode.c.h; path = "NSArray+BZAddUnicodeReadable.h"; sourceTree = "<group>"; };
		076E4B95210C2F7400EC857B /* NSArray+BZAddSafe.m */ = {isa = PBXFileReference; fileEncoding = 4; lastKnownFileType = sourcecode.c.objc; path = "NSArray+BZAddSafe.m"; sourceTree = "<group>"; };
		076E4B96210C2F7400EC857B /* NSSet+BZAddUnicodeReadable.h */ = {isa = PBXFileReference; fileEncoding = 4; lastKnownFileType = sourcecode.c.h; path = "NSSet+BZAddUnicodeReadable.h"; sourceTree = "<group>"; };
		076E4B97210C2F7400EC857B /* NSDictionary+BZAddSafe.h */ = {isa = PBXFileReference; fileEncoding = 4; lastKnownFileType = sourcecode.c.h; path = "NSDictionary+BZAddSafe.h"; sourceTree = "<group>"; };
		076E4B98210C2F7400EC857B /* NSMutableDictionary+BZAddSafe.m */ = {isa = PBXFileReference; fileEncoding = 4; lastKnownFileType = sourcecode.c.objc; path = "NSMutableDictionary+BZAddSafe.m"; sourceTree = "<group>"; };
		076E4B99210C2F7400EC857B /* NSObject+BZAddImpChange.h */ = {isa = PBXFileReference; fileEncoding = 4; lastKnownFileType = sourcecode.c.h; path = "NSObject+BZAddImpChange.h"; sourceTree = "<group>"; };
		076E4B9B210C2F7400EC857B /* NSUserDefaults+BZAdd.m */ = {isa = PBXFileReference; fileEncoding = 4; lastKnownFileType = sourcecode.c.objc; path = "NSUserDefaults+BZAdd.m"; sourceTree = "<group>"; };
		076E4B9C210C2F7400EC857B /* NSArray+BZAddSafe.h */ = {isa = PBXFileReference; fileEncoding = 4; lastKnownFileType = sourcecode.c.h; path = "NSArray+BZAddSafe.h"; sourceTree = "<group>"; };
		076E4B9D210C2F7400EC857B /* NSArray+BZAddUnicodeReadable.m */ = {isa = PBXFileReference; fileEncoding = 4; lastKnownFileType = sourcecode.c.objc; path = "NSArray+BZAddUnicodeReadable.m"; sourceTree = "<group>"; };
		076E4B9E210C2F7400EC857B /* NSMutableArray+BZAddSafe.m */ = {isa = PBXFileReference; fileEncoding = 4; lastKnownFileType = sourcecode.c.objc; path = "NSMutableArray+BZAddSafe.m"; sourceTree = "<group>"; };
		076E4B9F210C2F7400EC857B /* NSDictionary+BZAddUnicodeReadable.m */ = {isa = PBXFileReference; fileEncoding = 4; lastKnownFileType = sourcecode.c.objc; path = "NSDictionary+BZAddUnicodeReadable.m"; sourceTree = "<group>"; };
		076E4BA0210C2F7400EC857B /* NSDictionary+BZAddSafe.m */ = {isa = PBXFileReference; fileEncoding = 4; lastKnownFileType = sourcecode.c.objc; path = "NSDictionary+BZAddSafe.m"; sourceTree = "<group>"; };
		076E4BA1210C2F7400EC857B /* NSSet+BZAddUnicodeReadable.m */ = {isa = PBXFileReference; fileEncoding = 4; lastKnownFileType = sourcecode.c.objc; path = "NSSet+BZAddUnicodeReadable.m"; sourceTree = "<group>"; };
		076E4BA2210C2F7400EC857B /* NSObject+BZAddImpChange.m */ = {isa = PBXFileReference; fileEncoding = 4; lastKnownFileType = sourcecode.c.objc; path = "NSObject+BZAddImpChange.m"; sourceTree = "<group>"; };
		076E4BA3210C2F7400EC857B /* NSMutableDictionary+BZAddSafe.h */ = {isa = PBXFileReference; fileEncoding = 4; lastKnownFileType = sourcecode.c.h; path = "NSMutableDictionary+BZAddSafe.h"; sourceTree = "<group>"; };
		076E4BA4210C2F7400EC857B /* NSUserDefaults+BZAdd.h */ = {isa = PBXFileReference; fileEncoding = 4; lastKnownFileType = sourcecode.c.h; path = "NSUserDefaults+BZAdd.h"; sourceTree = "<group>"; };
		07CA59D421291B50009EA5B2 /* TestModel.h */ = {isa = PBXFileReference; lastKnownFileType = sourcecode.c.h; path = TestModel.h; sourceTree = "<group>"; };
		07CA59D521291B50009EA5B2 /* TestModel.m */ = {isa = PBXFileReference; lastKnownFileType = sourcecode.c.objc; path = TestModel.m; sourceTree = "<group>"; };
		07E5D6872115BC8A00BFC9AE /* NSString+BZAddRegex.m */ = {isa = PBXFileReference; fileEncoding = 4; lastKnownFileType = sourcecode.c.objc; path = "NSString+BZAddRegex.m"; sourceTree = "<group>"; };
		07E5D6882115BC8A00BFC9AE /* NSString+BZAddRegex.h */ = {isa = PBXFileReference; fileEncoding = 4; lastKnownFileType = sourcecode.c.h; path = "NSString+BZAddRegex.h"; sourceTree = "<group>"; };
		22DB8A87CDE65F26C796D67D /* Pods-BZCategoryDemo.debug.xcconfig */ = {isa = PBXFileReference; includeInIndex = 1; lastKnownFileType = text.xcconfig; name = "Pods-BZCategoryDemo.debug.xcconfig"; path = "Pods/Target Support Files/Pods-BZCategoryDemo/Pods-BZCategoryDemo.debug.xcconfig"; sourceTree = "<group>"; };
		40A0E75A212536CE005AFFF5 /* NSArray+BZAdd.h */ = {isa = PBXFileReference; lastKnownFileType = sourcecode.c.h; path = "NSArray+BZAdd.h"; sourceTree = "<group>"; };
		40A0E75B212536CE005AFFF5 /* NSArray+BZAdd.m */ = {isa = PBXFileReference; lastKnownFileType = sourcecode.c.objc; path = "NSArray+BZAdd.m"; sourceTree = "<group>"; };
		B224736E8383B6BD6CBF6F0C /* libPods-BZCategoryDemo.a */ = {isa = PBXFileReference; explicitFileType = archive.ar; includeInIndex = 0; path = "libPods-BZCategoryDemo.a"; sourceTree = BUILT_PRODUCTS_DIR; };
		B7FA4116C03E49BD6FCFBBFE /* Pods-BZCategoryDemo.release.xcconfig */ = {isa = PBXFileReference; includeInIndex = 1; lastKnownFileType = text.xcconfig; name = "Pods-BZCategoryDemo.release.xcconfig"; path = "Pods/Target Support Files/Pods-BZCategoryDemo/Pods-BZCategoryDemo.release.xcconfig"; sourceTree = "<group>"; };
/* End PBXFileReference section */

/* Begin PBXFrameworksBuildPhase section */
		076E4B57210C2F3E00EC857B /* Frameworks */ = {
			isa = PBXFrameworksBuildPhase;
			buildActionMask = 2147483647;
			files = (
				5471F873769CDCC7D286D419 /* libPods-BZCategoryDemo.a in Frameworks */,
			);
			runOnlyForDeploymentPostprocessing = 0;
		};
		076E4B6F210C2F3F00EC857B /* Frameworks */ = {
			isa = PBXFrameworksBuildPhase;
			buildActionMask = 2147483647;
			files = (
			);
			runOnlyForDeploymentPostprocessing = 0;
		};
		076E4B7A210C2F3F00EC857B /* Frameworks */ = {
			isa = PBXFrameworksBuildPhase;
			buildActionMask = 2147483647;
			files = (
			);
			runOnlyForDeploymentPostprocessing = 0;
		};
/* End PBXFrameworksBuildPhase section */

/* Begin PBXGroup section */
		0715F62C210C306B00797E81 /* Resource */ = {
			isa = PBXGroup;
			children = (
				076E4B66210C2F3E00EC857B /* Assets.xcassets */,
				076E4B6C210C2F3F00EC857B /* main.m */,
				076E4B6B210C2F3F00EC857B /* Info.plist */,
				076E4B63210C2F3E00EC857B /* Main.storyboard */,
				076E4B68210C2F3E00EC857B /* LaunchScreen.storyboard */,
			);
			path = Resource;
			sourceTree = "<group>";
		};
		076E4B51210C2F3E00EC857B = {
			isa = PBXGroup;
			children = (
				076E4B5C210C2F3E00EC857B /* BZCategoryDemo */,
				076E4B75210C2F3F00EC857B /* BZCategoryDemoTests */,
				076E4B80210C2F3F00EC857B /* BZCategoryDemoUITests */,
				076E4B5B210C2F3E00EC857B /* Products */,
				22322E0D0E13ECAAEC96327F /* Pods */,
				BE283B184B6133CF7B2EF2BB /* Frameworks */,
			);
			sourceTree = "<group>";
		};
		076E4B5B210C2F3E00EC857B /* Products */ = {
			isa = PBXGroup;
			children = (
				076E4B5A210C2F3E00EC857B /* BZCategoryDemo.app */,
				076E4B72210C2F3F00EC857B /* BZCategoryDemoTests.xctest */,
				076E4B7D210C2F3F00EC857B /* BZCategoryDemoUITests.xctest */,
			);
			name = Products;
			sourceTree = "<group>";
		};
		076E4B5C210C2F3E00EC857B /* BZCategoryDemo */ = {
			isa = PBXGroup;
			children = (
				076E4B5D210C2F3E00EC857B /* AppDelegate.h */,
				076E4B5E210C2F3E00EC857B /* AppDelegate.m */,
				076E4B60210C2F3E00EC857B /* ViewController.h */,
				076E4B61210C2F3E00EC857B /* ViewController.m */,
				07CA59D421291B50009EA5B2 /* TestModel.h */,
				07CA59D521291B50009EA5B2 /* TestModel.m */,
				0715F62C210C306B00797E81 /* Resource */,
				076E4B8F210C2F7400EC857B /* BZCategory */,
			);
			path = BZCategoryDemo;
			sourceTree = "<group>";
		};
		076E4B75210C2F3F00EC857B /* BZCategoryDemoTests */ = {
			isa = PBXGroup;
			children = (
				076E4B76210C2F3F00EC857B /* BZCategoryDemoTests.m */,
				076E4B78210C2F3F00EC857B /* Info.plist */,
			);
			path = BZCategoryDemoTests;
			sourceTree = "<group>";
		};
		076E4B80210C2F3F00EC857B /* BZCategoryDemoUITests */ = {
			isa = PBXGroup;
			children = (
				076E4B81210C2F3F00EC857B /* BZCategoryDemoUITests.m */,
				076E4B83210C2F3F00EC857B /* Info.plist */,
			);
			path = BZCategoryDemoUITests;
			sourceTree = "<group>";
		};
		076E4B8F210C2F7400EC857B /* BZCategory */ = {
			isa = PBXGroup;
			children = (
				0715F633210C318D00797E81 /* BZCategory.h */,
				076E4B91210C2F7400EC857B /* Foundation */,
			);
			path = BZCategory;
			sourceTree = "<group>";
		};
		076E4B91210C2F7400EC857B /* Foundation */ = {
			isa = PBXGroup;
			children = (
				40A0E756212535D4005AFFF5 /* NSArray */,
				07E5D6862115B7D800BFC9AE /* NSUserDefaults */,
				07E5D6852115B7C200BFC9AE /* Regex */,
				07E5D6842115B78200BFC9AE /* Safe */,
				07E5D6832115B6E900BFC9AE /* UnicodeReadable */,
			);
			path = Foundation;
			sourceTree = "<group>";
		};
		07E5D6832115B6E900BFC9AE /* UnicodeReadable */ = {
			isa = PBXGroup;
			children = (
				076E4B92210C2F7400EC857B /* NSDictionary+BZAddUnicodeReadable.h */,
				076E4B9F210C2F7400EC857B /* NSDictionary+BZAddUnicodeReadable.m */,
				076E4B96210C2F7400EC857B /* NSSet+BZAddUnicodeReadable.h */,
				076E4BA1210C2F7400EC857B /* NSSet+BZAddUnicodeReadable.m */,
				076E4B94210C2F7400EC857B /* NSArray+BZAddUnicodeReadable.h */,
				076E4B9D210C2F7400EC857B /* NSArray+BZAddUnicodeReadable.m */,
			);
			path = UnicodeReadable;
			sourceTree = "<group>";
		};
		07E5D6842115B78200BFC9AE /* Safe */ = {
			isa = PBXGroup;
			children = (
				076E4B99210C2F7400EC857B /* NSObject+BZAddImpChange.h */,
				076E4BA2210C2F7400EC857B /* NSObject+BZAddImpChange.m */,
				076E4B93210C2F7400EC857B /* NSMutableArray+BZAddSafe.h */,
				076E4B9E210C2F7400EC857B /* NSMutableArray+BZAddSafe.m */,
				076E4B9C210C2F7400EC857B /* NSArray+BZAddSafe.h */,
				076E4B95210C2F7400EC857B /* NSArray+BZAddSafe.m */,
				076E4B97210C2F7400EC857B /* NSDictionary+BZAddSafe.h */,
				076E4BA0210C2F7400EC857B /* NSDictionary+BZAddSafe.m */,
				076E4BA3210C2F7400EC857B /* NSMutableDictionary+BZAddSafe.h */,
				076E4B98210C2F7400EC857B /* NSMutableDictionary+BZAddSafe.m */,
			);
			path = Safe;
			sourceTree = "<group>";
		};
		07E5D6852115B7C200BFC9AE /* Regex */ = {
			isa = PBXGroup;
			children = (
				07E5D6882115BC8A00BFC9AE /* NSString+BZAddRegex.h */,
				07E5D6872115BC8A00BFC9AE /* NSString+BZAddRegex.m */,
			);
			path = Regex;
			sourceTree = "<group>";
		};
		07E5D6862115B7D800BFC9AE /* NSUserDefaults */ = {
			isa = PBXGroup;
			children = (
				076E4BA4210C2F7400EC857B /* NSUserDefaults+BZAdd.h */,
				076E4B9B210C2F7400EC857B /* NSUserDefaults+BZAdd.m */,
			);
			path = NSUserDefaults;
			sourceTree = "<group>";
		};
		22322E0D0E13ECAAEC96327F /* Pods */ = {
			isa = PBXGroup;
			children = (
				22DB8A87CDE65F26C796D67D /* Pods-BZCategoryDemo.debug.xcconfig */,
				B7FA4116C03E49BD6FCFBBFE /* Pods-BZCategoryDemo.release.xcconfig */,
			);
			name = Pods;
			sourceTree = "<group>";
		};
		40A0E756212535D4005AFFF5 /* NSArray */ = {
			isa = PBXGroup;
			children = (
				40A0E75A212536CE005AFFF5 /* NSArray+BZAdd.h */,
				40A0E75B212536CE005AFFF5 /* NSArray+BZAdd.m */,
			);
			path = NSArray;
			sourceTree = "<group>";
		};
		BE283B184B6133CF7B2EF2BB /* Frameworks */ = {
			isa = PBXGroup;
			children = (
				B224736E8383B6BD6CBF6F0C /* libPods-BZCategoryDemo.a */,
			);
			name = Frameworks;
			sourceTree = "<group>";
		};
/* End PBXGroup section */

/* Begin PBXNativeTarget section */
		076E4B59210C2F3E00EC857B /* BZCategoryDemo */ = {
			isa = PBXNativeTarget;
			buildConfigurationList = 076E4B86210C2F3F00EC857B /* Build configuration list for PBXNativeTarget "BZCategoryDemo" */;
			buildPhases = (
				C5657C06C878FD43D16F7112 /* [CP] Check Pods Manifest.lock */,
				076E4B56210C2F3E00EC857B /* Sources */,
				076E4B57210C2F3E00EC857B /* Frameworks */,
				076E4B58210C2F3E00EC857B /* Resources */,
			);
			buildRules = (
			);
			dependencies = (
			);
			name = BZCategoryDemo;
			productName = BZCategoryDemo;
			productReference = 076E4B5A210C2F3E00EC857B /* BZCategoryDemo.app */;
			productType = "com.apple.product-type.application";
		};
		076E4B71210C2F3F00EC857B /* BZCategoryDemoTests */ = {
			isa = PBXNativeTarget;
			buildConfigurationList = 076E4B89210C2F3F00EC857B /* Build configuration list for PBXNativeTarget "BZCategoryDemoTests" */;
			buildPhases = (
				076E4B6E210C2F3F00EC857B /* Sources */,
				076E4B6F210C2F3F00EC857B /* Frameworks */,
				076E4B70210C2F3F00EC857B /* Resources */,
			);
			buildRules = (
			);
			dependencies = (
				076E4B74210C2F3F00EC857B /* PBXTargetDependency */,
			);
			name = BZCategoryDemoTests;
			productName = BZCategoryDemoTests;
			productReference = 076E4B72210C2F3F00EC857B /* BZCategoryDemoTests.xctest */;
			productType = "com.apple.product-type.bundle.unit-test";
		};
		076E4B7C210C2F3F00EC857B /* BZCategoryDemoUITests */ = {
			isa = PBXNativeTarget;
			buildConfigurationList = 076E4B8C210C2F3F00EC857B /* Build configuration list for PBXNativeTarget "BZCategoryDemoUITests" */;
			buildPhases = (
				076E4B79210C2F3F00EC857B /* Sources */,
				076E4B7A210C2F3F00EC857B /* Frameworks */,
				076E4B7B210C2F3F00EC857B /* Resources */,
			);
			buildRules = (
			);
			dependencies = (
				076E4B7F210C2F3F00EC857B /* PBXTargetDependency */,
			);
			name = BZCategoryDemoUITests;
			productName = BZCategoryDemoUITests;
			productReference = 076E4B7D210C2F3F00EC857B /* BZCategoryDemoUITests.xctest */;
			productType = "com.apple.product-type.bundle.ui-testing";
		};
/* End PBXNativeTarget section */

/* Begin PBXProject section */
		076E4B52210C2F3E00EC857B /* Project object */ = {
			isa = PBXProject;
			attributes = {
				LastUpgradeCheck = 0930;
				ORGANIZATIONNAME = Eric;
				TargetAttributes = {
					076E4B59210C2F3E00EC857B = {
						CreatedOnToolsVersion = 9.3;
					};
					076E4B71210C2F3F00EC857B = {
						CreatedOnToolsVersion = 9.3;
						TestTargetID = 076E4B59210C2F3E00EC857B;
					};
					076E4B7C210C2F3F00EC857B = {
						CreatedOnToolsVersion = 9.3;
						TestTargetID = 076E4B59210C2F3E00EC857B;
					};
				};
			};
			buildConfigurationList = 076E4B55210C2F3E00EC857B /* Build configuration list for PBXProject "BZCategoryDemo" */;
			compatibilityVersion = "Xcode 9.3";
			developmentRegion = en;
			hasScannedForEncodings = 0;
			knownRegions = (
				en,
				Base,
			);
			mainGroup = 076E4B51210C2F3E00EC857B;
			productRefGroup = 076E4B5B210C2F3E00EC857B /* Products */;
			projectDirPath = "";
			projectRoot = "";
			targets = (
				076E4B59210C2F3E00EC857B /* BZCategoryDemo */,
				076E4B71210C2F3F00EC857B /* BZCategoryDemoTests */,
				076E4B7C210C2F3F00EC857B /* BZCategoryDemoUITests */,
			);
		};
/* End PBXProject section */

/* Begin PBXResourcesBuildPhase section */
		076E4B58210C2F3E00EC857B /* Resources */ = {
			isa = PBXResourcesBuildPhase;
			buildActionMask = 2147483647;
			files = (
				076E4B6A210C2F3E00EC857B /* LaunchScreen.storyboard in Resources */,
				076E4B67210C2F3E00EC857B /* Assets.xcassets in Resources */,
				076E4B65210C2F3E00EC857B /* Main.storyboard in Resources */,
			);
			runOnlyForDeploymentPostprocessing = 0;
		};
		076E4B70210C2F3F00EC857B /* Resources */ = {
			isa = PBXResourcesBuildPhase;
			buildActionMask = 2147483647;
			files = (
			);
			runOnlyForDeploymentPostprocessing = 0;
		};
		076E4B7B210C2F3F00EC857B /* Resources */ = {
			isa = PBXResourcesBuildPhase;
			buildActionMask = 2147483647;
			files = (
			);
			runOnlyForDeploymentPostprocessing = 0;
		};
/* End PBXResourcesBuildPhase section */

/* Begin PBXShellScriptBuildPhase section */
		C5657C06C878FD43D16F7112 /* [CP] Check Pods Manifest.lock */ = {
			isa = PBXShellScriptBuildPhase;
			buildActionMask = 2147483647;
			files = (
			);
			inputPaths = (
				"${PODS_PODFILE_DIR_PATH}/Podfile.lock",
				"${PODS_ROOT}/Manifest.lock",
			);
			name = "[CP] Check Pods Manifest.lock";
			outputPaths = (
				"$(DERIVED_FILE_DIR)/Pods-BZCategoryDemo-checkManifestLockResult.txt",
			);
			runOnlyForDeploymentPostprocessing = 0;
			shellPath = /bin/sh;
			shellScript = "diff \"${PODS_PODFILE_DIR_PATH}/Podfile.lock\" \"${PODS_ROOT}/Manifest.lock\" > /dev/null\nif [ $? != 0 ] ; then\n    # print error to STDERR\n    echo \"error: The sandbox is not in sync with the Podfile.lock. Run 'pod install' or update your CocoaPods installation.\" >&2\n    exit 1\nfi\n# This output is used by Xcode 'outputs' to avoid re-running this script phase.\necho \"SUCCESS\" > \"${SCRIPT_OUTPUT_FILE_0}\"\n";
			showEnvVarsInLog = 0;
		};
/* End PBXShellScriptBuildPhase section */

/* Begin PBXSourcesBuildPhase section */
		076E4B56210C2F3E00EC857B /* Sources */ = {
			isa = PBXSourcesBuildPhase;
			buildActionMask = 2147483647;
			files = (
				076E4BAD210C2F7400EC857B /* NSArray+BZAddUnicodeReadable.m in Sources */,
				076E4BAE210C2F7400EC857B /* NSMutableArray+BZAddSafe.m in Sources */,
				076E4B62210C2F3E00EC857B /* ViewController.m in Sources */,
				076E4BB0210C2F7400EC857B /* NSDictionary+BZAddSafe.m in Sources */,
				076E4BA9210C2F7400EC857B /* NSArray+BZAddSafe.m in Sources */,
				07E5D6892115BC8A00BFC9AE /* NSString+BZAddRegex.m in Sources */,
				076E4BAA210C2F7400EC857B /* NSMutableDictionary+BZAddSafe.m in Sources */,
				07CA59D621291B50009EA5B2 /* TestModel.m in Sources */,
				076E4BAF210C2F7400EC857B /* NSDictionary+BZAddUnicodeReadable.m in Sources */,
				076E4BAC210C2F7400EC857B /* NSUserDefaults+BZAdd.m in Sources */,
				40A0E75C212536CE005AFFF5 /* NSArray+BZAdd.m in Sources */,
				076E4B6D210C2F3F00EC857B /* main.m in Sources */,
				076E4B5F210C2F3E00EC857B /* AppDelegate.m in Sources */,
				076E4BB1210C2F7400EC857B /* NSSet+BZAddUnicodeReadable.m in Sources */,
				076E4BB2210C2F7400EC857B /* NSObject+BZAddImpChange.m in Sources */,
			);
			runOnlyForDeploymentPostprocessing = 0;
		};
		076E4B6E210C2F3F00EC857B /* Sources */ = {
			isa = PBXSourcesBuildPhase;
			buildActionMask = 2147483647;
			files = (
				076E4B77210C2F3F00EC857B /* BZCategoryDemoTests.m in Sources */,
			);
			runOnlyForDeploymentPostprocessing = 0;
		};
		076E4B79210C2F3F00EC857B /* Sources */ = {
			isa = PBXSourcesBuildPhase;
			buildActionMask = 2147483647;
			files = (
				076E4B82210C2F3F00EC857B /* BZCategoryDemoUITests.m in Sources */,
			);
			runOnlyForDeploymentPostprocessing = 0;
		};
/* End PBXSourcesBuildPhase section */

/* Begin PBXTargetDependency section */
		076E4B74210C2F3F00EC857B /* PBXTargetDependency */ = {
			isa = PBXTargetDependency;
			target = 076E4B59210C2F3E00EC857B /* BZCategoryDemo */;
			targetProxy = 076E4B73210C2F3F00EC857B /* PBXContainerItemProxy */;
		};
		076E4B7F210C2F3F00EC857B /* PBXTargetDependency */ = {
			isa = PBXTargetDependency;
			target = 076E4B59210C2F3E00EC857B /* BZCategoryDemo */;
			targetProxy = 076E4B7E210C2F3F00EC857B /* PBXContainerItemProxy */;
		};
/* End PBXTargetDependency section */

/* Begin PBXVariantGroup section */
		076E4B63210C2F3E00EC857B /* Main.storyboard */ = {
			isa = PBXVariantGroup;
			children = (
				076E4B64210C2F3E00EC857B /* Base */,
			);
			name = Main.storyboard;
			sourceTree = "<group>";
		};
		076E4B68210C2F3E00EC857B /* LaunchScreen.storyboard */ = {
			isa = PBXVariantGroup;
			children = (
				076E4B69210C2F3E00EC857B /* Base */,
			);
			name = LaunchScreen.storyboard;
			sourceTree = "<group>";
		};
/* End PBXVariantGroup section */

/* Begin XCBuildConfiguration section */
		076E4B84210C2F3F00EC857B /* Debug */ = {
			isa = XCBuildConfiguration;
			buildSettings = {
				ALWAYS_SEARCH_USER_PATHS = NO;
				CLANG_ANALYZER_NONNULL = YES;
				CLANG_ANALYZER_NUMBER_OBJECT_CONVERSION = YES_AGGRESSIVE;
				CLANG_CXX_LANGUAGE_STANDARD = "gnu++14";
				CLANG_CXX_LIBRARY = "libc++";
				CLANG_ENABLE_MODULES = YES;
				CLANG_ENABLE_OBJC_ARC = YES;
				CLANG_ENABLE_OBJC_WEAK = YES;
				CLANG_WARN_BLOCK_CAPTURE_AUTORELEASING = YES;
				CLANG_WARN_BOOL_CONVERSION = YES;
				CLANG_WARN_COMMA = YES;
				CLANG_WARN_CONSTANT_CONVERSION = YES;
				CLANG_WARN_DEPRECATED_OBJC_IMPLEMENTATIONS = YES;
				CLANG_WARN_DIRECT_OBJC_ISA_USAGE = YES_ERROR;
				CLANG_WARN_DOCUMENTATION_COMMENTS = YES;
				CLANG_WARN_EMPTY_BODY = YES;
				CLANG_WARN_ENUM_CONVERSION = YES;
				CLANG_WARN_INFINITE_RECURSION = YES;
				CLANG_WARN_INT_CONVERSION = YES;
				CLANG_WARN_NON_LITERAL_NULL_CONVERSION = YES;
				CLANG_WARN_OBJC_IMPLICIT_RETAIN_SELF = YES;
				CLANG_WARN_OBJC_LITERAL_CONVERSION = YES;
				CLANG_WARN_OBJC_ROOT_CLASS = YES_ERROR;
				CLANG_WARN_RANGE_LOOP_ANALYSIS = YES;
				CLANG_WARN_STRICT_PROTOTYPES = YES;
				CLANG_WARN_SUSPICIOUS_MOVE = YES;
				CLANG_WARN_UNGUARDED_AVAILABILITY = YES_AGGRESSIVE;
				CLANG_WARN_UNREACHABLE_CODE = YES;
				CLANG_WARN__DUPLICATE_METHOD_MATCH = YES;
				CODE_SIGN_IDENTITY = "iPhone Developer";
				COPY_PHASE_STRIP = NO;
				DEBUG_INFORMATION_FORMAT = dwarf;
				ENABLE_STRICT_OBJC_MSGSEND = YES;
				ENABLE_TESTABILITY = YES;
				GCC_C_LANGUAGE_STANDARD = gnu11;
				GCC_DYNAMIC_NO_PIC = NO;
				GCC_NO_COMMON_BLOCKS = YES;
				GCC_OPTIMIZATION_LEVEL = 0;
				GCC_PREPROCESSOR_DEFINITIONS = (
					"DEBUG=1",
					"$(inherited)",
				);
				GCC_WARN_64_TO_32_BIT_CONVERSION = YES;
				GCC_WARN_ABOUT_RETURN_TYPE = YES_ERROR;
				GCC_WARN_UNDECLARED_SELECTOR = YES;
				GCC_WARN_UNINITIALIZED_AUTOS = YES_AGGRESSIVE;
				GCC_WARN_UNUSED_FUNCTION = YES;
				GCC_WARN_UNUSED_VARIABLE = YES;
				IPHONEOS_DEPLOYMENT_TARGET = 8.0;
				MTL_ENABLE_DEBUG_INFO = YES;
				ONLY_ACTIVE_ARCH = YES;
				SDKROOT = iphoneos;
			};
			name = Debug;
		};
		076E4B85210C2F3F00EC857B /* Release */ = {
			isa = XCBuildConfiguration;
			buildSettings = {
				ALWAYS_SEARCH_USER_PATHS = NO;
				CLANG_ANALYZER_NONNULL = YES;
				CLANG_ANALYZER_NUMBER_OBJECT_CONVERSION = YES_AGGRESSIVE;
				CLANG_CXX_LANGUAGE_STANDARD = "gnu++14";
				CLANG_CXX_LIBRARY = "libc++";
				CLANG_ENABLE_MODULES = YES;
				CLANG_ENABLE_OBJC_ARC = YES;
				CLANG_ENABLE_OBJC_WEAK = YES;
				CLANG_WARN_BLOCK_CAPTURE_AUTORELEASING = YES;
				CLANG_WARN_BOOL_CONVERSION = YES;
				CLANG_WARN_COMMA = YES;
				CLANG_WARN_CONSTANT_CONVERSION = YES;
				CLANG_WARN_DEPRECATED_OBJC_IMPLEMENTATIONS = YES;
				CLANG_WARN_DIRECT_OBJC_ISA_USAGE = YES_ERROR;
				CLANG_WARN_DOCUMENTATION_COMMENTS = YES;
				CLANG_WARN_EMPTY_BODY = YES;
				CLANG_WARN_ENUM_CONVERSION = YES;
				CLANG_WARN_INFINITE_RECURSION = YES;
				CLANG_WARN_INT_CONVERSION = YES;
				CLANG_WARN_NON_LITERAL_NULL_CONVERSION = YES;
				CLANG_WARN_OBJC_IMPLICIT_RETAIN_SELF = YES;
				CLANG_WARN_OBJC_LITERAL_CONVERSION = YES;
				CLANG_WARN_OBJC_ROOT_CLASS = YES_ERROR;
				CLANG_WARN_RANGE_LOOP_ANALYSIS = YES;
				CLANG_WARN_STRICT_PROTOTYPES = YES;
				CLANG_WARN_SUSPICIOUS_MOVE = YES;
				CLANG_WARN_UNGUARDED_AVAILABILITY = YES_AGGRESSIVE;
				CLANG_WARN_UNREACHABLE_CODE = YES;
				CLANG_WARN__DUPLICATE_METHOD_MATCH = YES;
				CODE_SIGN_IDENTITY = "iPhone Developer";
				COPY_PHASE_STRIP = NO;
				DEBUG_INFORMATION_FORMAT = "dwarf-with-dsym";
				ENABLE_NS_ASSERTIONS = NO;
				ENABLE_STRICT_OBJC_MSGSEND = YES;
				GCC_C_LANGUAGE_STANDARD = gnu11;
				GCC_NO_COMMON_BLOCKS = YES;
				GCC_WARN_64_TO_32_BIT_CONVERSION = YES;
				GCC_WARN_ABOUT_RETURN_TYPE = YES_ERROR;
				GCC_WARN_UNDECLARED_SELECTOR = YES;
				GCC_WARN_UNINITIALIZED_AUTOS = YES_AGGRESSIVE;
				GCC_WARN_UNUSED_FUNCTION = YES;
				GCC_WARN_UNUSED_VARIABLE = YES;
				IPHONEOS_DEPLOYMENT_TARGET = 8.0;
				MTL_ENABLE_DEBUG_INFO = NO;
				SDKROOT = iphoneos;
				VALIDATE_PRODUCT = YES;
			};
			name = Release;
		};
		076E4B87210C2F3F00EC857B /* Debug */ = {
			isa = XCBuildConfiguration;
			baseConfigurationReference = 22DB8A87CDE65F26C796D67D /* Pods-BZCategoryDemo.debug.xcconfig */;
			buildSettings = {
				ASSETCATALOG_COMPILER_APPICON_NAME = AppIcon;
				CODE_SIGN_IDENTITY = "iPhone Developer";
				CODE_SIGN_STYLE = Automatic;
				DEVELOPMENT_TEAM = AE7SHG629D;
				INFOPLIST_FILE = "$(SRCROOT)/BZCategoryDemo/Resource/Info.plist";
				LD_RUNPATH_SEARCH_PATHS = (
					"$(inherited)",
					"@executable_path/Frameworks",
				);
				PRODUCT_BUNDLE_IDENTIFIER = com.EricBup.BZCategoryDemo;
				PRODUCT_NAME = "$(TARGET_NAME)";
				PROVISIONING_PROFILE_SPECIFIER = "";
				TARGETED_DEVICE_FAMILY = "1,2";
			};
			name = Debug;
		};
		076E4B88210C2F3F00EC857B /* Release */ = {
			isa = XCBuildConfiguration;
			baseConfigurationReference = B7FA4116C03E49BD6FCFBBFE /* Pods-BZCategoryDemo.release.xcconfig */;
			buildSettings = {
				ASSETCATALOG_COMPILER_APPICON_NAME = AppIcon;
				CODE_SIGN_IDENTITY = "iPhone Developer";
				CODE_SIGN_STYLE = Automatic;
				DEVELOPMENT_TEAM = AE7SHG629D;
				INFOPLIST_FILE = "$(SRCROOT)/BZCategoryDemo/Resource/Info.plist";
				LD_RUNPATH_SEARCH_PATHS = (
					"$(inherited)",
					"@executable_path/Frameworks",
				);
				PRODUCT_BUNDLE_IDENTIFIER = com.EricBup.BZCategoryDemo;
				PRODUCT_NAME = "$(TARGET_NAME)";
				PROVISIONING_PROFILE_SPECIFIER = "";
				TARGETED_DEVICE_FAMILY = "1,2";
			};
			name = Release;
		};
		076E4B8A210C2F3F00EC857B /* Debug */ = {
			isa = XCBuildConfiguration;
			buildSettings = {
				BUNDLE_LOADER = "$(TEST_HOST)";
				CODE_SIGN_STYLE = Automatic;
				INFOPLIST_FILE = BZCategoryDemoTests/Info.plist;
				LD_RUNPATH_SEARCH_PATHS = (
					"$(inherited)",
					"@executable_path/Frameworks",
					"@loader_path/Frameworks",
				);
				PRODUCT_BUNDLE_IDENTIFIER = com.EricBup.BZCategoryDemoTests;
				PRODUCT_NAME = "$(TARGET_NAME)";
				TARGETED_DEVICE_FAMILY = "1,2";
				TEST_HOST = "$(BUILT_PRODUCTS_DIR)/BZCategoryDemo.app/BZCategoryDemo";
			};
			name = Debug;
		};
		076E4B8B210C2F3F00EC857B /* Release */ = {
			isa = XCBuildConfiguration;
			buildSettings = {
				BUNDLE_LOADER = "$(TEST_HOST)";
				CODE_SIGN_STYLE = Automatic;
				INFOPLIST_FILE = BZCategoryDemoTests/Info.plist;
				LD_RUNPATH_SEARCH_PATHS = (
					"$(inherited)",
					"@executable_path/Frameworks",
					"@loader_path/Frameworks",
				);
				PRODUCT_BUNDLE_IDENTIFIER = com.EricBup.BZCategoryDemoTests;
				PRODUCT_NAME = "$(TARGET_NAME)";
				TARGETED_DEVICE_FAMILY = "1,2";
				TEST_HOST = "$(BUILT_PRODUCTS_DIR)/BZCategoryDemo.app/BZCategoryDemo";
			};
			name = Release;
		};
		076E4B8D210C2F3F00EC857B /* Debug */ = {
			isa = XCBuildConfiguration;
			buildSettings = {
				CODE_SIGN_STYLE = Automatic;
				INFOPLIST_FILE = BZCategoryDemoUITests/Info.plist;
				LD_RUNPATH_SEARCH_PATHS = (
					"$(inherited)",
					"@executable_path/Frameworks",
					"@loader_path/Frameworks",
				);
				PRODUCT_BUNDLE_IDENTIFIER = com.EricBup.BZCategoryDemoUITests;
				PRODUCT_NAME = "$(TARGET_NAME)";
				TARGETED_DEVICE_FAMILY = "1,2";
				TEST_TARGET_NAME = BZCategoryDemo;
			};
			name = Debug;
		};
		076E4B8E210C2F3F00EC857B /* Release */ = {
			isa = XCBuildConfiguration;
			buildSettings = {
				CODE_SIGN_STYLE = Automatic;
				INFOPLIST_FILE = BZCategoryDemoUITests/Info.plist;
				LD_RUNPATH_SEARCH_PATHS = (
					"$(inherited)",
					"@executable_path/Frameworks",
					"@loader_path/Frameworks",
				);
				PRODUCT_BUNDLE_IDENTIFIER = com.EricBup.BZCategoryDemoUITests;
				PRODUCT_NAME = "$(TARGET_NAME)";
				TARGETED_DEVICE_FAMILY = "1,2";
				TEST_TARGET_NAME = BZCategoryDemo;
			};
			name = Release;
		};
/* End XCBuildConfiguration section */

/* Begin XCConfigurationList section */
		076E4B55210C2F3E00EC857B /* Build configuration list for PBXProject "BZCategoryDemo" */ = {
			isa = XCConfigurationList;
			buildConfigurations = (
				076E4B84210C2F3F00EC857B /* Debug */,
				076E4B85210C2F3F00EC857B /* Release */,
			);
			defaultConfigurationIsVisible = 0;
			defaultConfigurationName = Release;
		};
		076E4B86210C2F3F00EC857B /* Build configuration list for PBXNativeTarget "BZCategoryDemo" */ = {
			isa = XCConfigurationList;
			buildConfigurations = (
				076E4B87210C2F3F00EC857B /* Debug */,
				076E4B88210C2F3F00EC857B /* Release */,
			);
			defaultConfigurationIsVisible = 0;
			defaultConfigurationName = Release;
		};
		076E4B89210C2F3F00EC857B /* Build configuration list for PBXNativeTarget "BZCategoryDemoTests" */ = {
			isa = XCConfigurationList;
			buildConfigurations = (
				076E4B8A210C2F3F00EC857B /* Debug */,
				076E4B8B210C2F3F00EC857B /* Release */,
			);
			defaultConfigurationIsVisible = 0;
			defaultConfigurationName = Release;
		};
		076E4B8C210C2F3F00EC857B /* Build configuration list for PBXNativeTarget "BZCategoryDemoUITests" */ = {
			isa = XCConfigurationList;
			buildConfigurations = (
				076E4B8D210C2F3F00EC857B /* Debug */,
				076E4B8E210C2F3F00EC857B /* Release */,
			);
			defaultConfigurationIsVisible = 0;
			defaultConfigurationName = Release;
		};
/* End XCConfigurationList section */
	};
	rootObject = 076E4B52210C2F3E00EC857B /* Project object */;
}
